
Microsoft Visual Studio Solution File, Format Version 12.00
# Visual Studio 2012
Project("{FAE04EC0-301F-11D3-BF4B-00C04F79EFBC}") = "SwimmiePooLogParserDrone", "SwimmiePooLogParserDrone\SwimmiePooLogParserDrone.csproj", "{5D6ADA7F-FDC1-404A-91F9-621D90124374}"
EndProject
Project("{2150E333-8FDC-42A3-9474-1A3956D46DE8}") = "Drone", "Drone", "{A134C914-5BF5-470E-B254-2695A6ADC0F2}"
EndProject
Project("{2150E333-8FDC-42A3-9474-1A3956D46DE8}") = "Dispatcher", "Dispatcher", "{C33B3B81-5716-476D-95BE-72EE1854DB6E}"
EndProject
Project("{FAE04EC0-301F-11D3-BF4B-00C04F79EFBC}") = "DroneCore", "Core\DroneCore.csproj", "{6EF4CFE6-3382-4791-8E19-3C60F9B0BF4B}"
EndProject
Project("{FAE04EC0-301F-11D3-BF4B-00C04F79EFBC}") = "DroneInfrastructure", "DroneInfrastructure\DroneInfrastructure.csproj", "{5F700EFB-C62B-41B3-8995-D18D434F87D6}"
EndProject
Project("{FAE04EC0-301F-11D3-BF4B-00C04F79EFBC}") = "DroneInfrastructure.Data", "DroneInfrastructure.Data\DroneInfrastructure.Data.csproj", "{60D4F3C6-845E-43E9-9F61-3E0612DE3FDA}"
EndProject
Project("{2150E333-8FDC-42A3-9474-1A3956D46DE8}") = "IOC", "IOC", "{98FD1A8F-4B80-4F32-8215-E101910FE3B3}"
EndProject
Project("{FAE04EC0-301F-11D3-BF4B-00C04F79EFBC}") = "DependencyRegistrar", "DependencyRegistrar\DependencyRegistrar.csproj", "{AFE0BF2B-514D-47CA-8BC7-9EB7B2D5E21B}"
EndProject
Project("{FAE04EC0-301F-11D3-BF4B-00C04F79EFBC}") = "CommonCore", "CommonCore\CommonCore.csproj", "{01C51B76-79CA-4EEA-9432-4F9F04F11053}"
EndProject
Project("{FAE04EC0-301F-11D3-BF4B-00C04F79EFBC}") = "SwimmiePooLogParserDispatcher", "SwimmiePooLogParserDispatcher\SwimmiePooLogParserDispatcher.csproj", "{AEF3CC0A-DE4A-44B6-8CE2-409F1495E862}"
EndProject
Project("{FAE04EC0-301F-11D3-BF4B-00C04F79EFBC}") = "Infrastructure.Security", "Infrastructure.Security\Infrastructure.Security.csproj", "{B51DDFC2-4A7D-4315-A734-CAD78077E446}"
EndProject
Project("{FAE04EC0-301F-11D3-BF4B-00C04F79EFBC}") = "Dispatcher.Infrastructure.Data", "Dispatcher.Infrastructure.Data\Dispatcher.Infrastructure.Data.csproj", "{03039BC1-B6E3-48DC-985E-500988984E91}"
EndProject
Project("{FAE04EC0-301F-11D3-BF4B-00C04F79EFBC}") = "DispatcherCore", "DispatcherCore\DispatcherCore.csproj", "{DB93BEDE-065A-42AD-B6F4-D4DA38B1504C}"
EndProject
Project("{FAE04EC0-301F-11D3-BF4B-00C04F79EFBC}") = "Ninject.Dispatcher", "Ninject.Dispatcher\Ninject.Dispatcher.csproj", "{396F0580-F297-4B82-A0AF-255C8ADE4BB6}"
EndProject
Global
	GlobalSection(SolutionConfigurationPlatforms) = preSolution
		Debug|Any CPU = Debug|Any CPU
		Release|Any CPU = Release|Any CPU
	EndGlobalSection
	GlobalSection(ProjectConfigurationPlatforms) = postSolution
		{5D6ADA7F-FDC1-404A-91F9-621D90124374}.Debug|Any CPU.ActiveCfg = Debug|Any CPU
		{5D6ADA7F-FDC1-404A-91F9-621D90124374}.Debug|Any CPU.Build.0 = Debug|Any CPU
		{5D6ADA7F-FDC1-404A-91F9-621D90124374}.Release|Any CPU.ActiveCfg = Release|Any CPU
		{5D6ADA7F-FDC1-404A-91F9-621D90124374}.Release|Any CPU.Build.0 = Release|Any CPU
		{6EF4CFE6-3382-4791-8E19-3C60F9B0BF4B}.Debug|Any CPU.ActiveCfg = Debug|Any CPU
		{6EF4CFE6-3382-4791-8E19-3C60F9B0BF4B}.Debug|Any CPU.Build.0 = Debug|Any CPU
		{6EF4CFE6-3382-4791-8E19-3C60F9B0BF4B}.Release|Any CPU.ActiveCfg = Release|Any CPU
		{6EF4CFE6-3382-4791-8E19-3C60F9B0BF4B}.Release|Any CPU.Build.0 = Release|Any CPU
		{5F700EFB-C62B-41B3-8995-D18D434F87D6}.Debug|Any CPU.ActiveCfg = Debug|Any CPU
		{5F700EFB-C62B-41B3-8995-D18D434F87D6}.Debug|Any CPU.Build.0 = Debug|Any CPU
		{5F700EFB-C62B-41B3-8995-D18D434F87D6}.Release|Any CPU.ActiveCfg = Release|Any CPU
		{5F700EFB-C62B-41B3-8995-D18D434F87D6}.Release|Any CPU.Build.0 = Release|Any CPU
		{60D4F3C6-845E-43E9-9F61-3E0612DE3FDA}.Debug|Any CPU.ActiveCfg = Debug|Any CPU
		{60D4F3C6-845E-43E9-9F61-3E0612DE3FDA}.Debug|Any CPU.Build.0 = Debug|Any CPU
		{60D4F3C6-845E-43E9-9F61-3E0612DE3FDA}.Release|Any CPU.ActiveCfg = Release|Any CPU
		{60D4F3C6-845E-43E9-9F61-3E0612DE3FDA}.Release|Any CPU.Build.0 = Release|Any CPU
		{AFE0BF2B-514D-47CA-8BC7-9EB7B2D5E21B}.Debug|Any CPU.ActiveCfg = Debug|Any CPU
		{AFE0BF2B-514D-47CA-8BC7-9EB7B2D5E21B}.Debug|Any CPU.Build.0 = Debug|Any CPU
		{AFE0BF2B-514D-47CA-8BC7-9EB7B2D5E21B}.Release|Any CPU.ActiveCfg = Release|Any CPU
		{AFE0BF2B-514D-47CA-8BC7-9EB7B2D5E21B}.Release|Any CPU.Build.0 = Release|Any CPU
		{01C51B76-79CA-4EEA-9432-4F9F04F11053}.Debug|Any CPU.ActiveCfg = Debug|Any CPU
		{01C51B76-79CA-4EEA-9432-4F9F04F11053}.Debug|Any CPU.Build.0 = Debug|Any CPU
		{01C51B76-79CA-4EEA-9432-4F9F04F11053}.Release|Any CPU.ActiveCfg = Release|Any CPU
		{01C51B76-79CA-4EEA-9432-4F9F04F11053}.Release|Any CPU.Build.0 = Release|Any CPU
		{AEF3CC0A-DE4A-44B6-8CE2-409F1495E862}.Debug|Any CPU.ActiveCfg = Debug|Any CPU
		{AEF3CC0A-DE4A-44B6-8CE2-409F1495E862}.Debug|Any CPU.Build.0 = Debug|Any CPU
		{AEF3CC0A-DE4A-44B6-8CE2-409F1495E862}.Release|Any CPU.ActiveCfg = Release|Any CPU
		{AEF3CC0A-DE4A-44B6-8CE2-409F1495E862}.Release|Any CPU.Build.0 = Release|Any CPU
		{B51DDFC2-4A7D-4315-A734-CAD78077E446}.Debug|Any CPU.ActiveCfg = Debug|Any CPU
		{B51DDFC2-4A7D-4315-A734-CAD78077E446}.Debug|Any CPU.Build.0 = Debug|Any CPU
		{B51DDFC2-4A7D-4315-A734-CAD78077E446}.Release|Any CPU.ActiveCfg = Release|Any CPU
		{B51DDFC2-4A7D-4315-A734-CAD78077E446}.Release|Any CPU.Build.0 = Release|Any CPU
		{03039BC1-B6E3-48DC-985E-500988984E91}.Debug|Any CPU.ActiveCfg = Debug|Any CPU
		{03039BC1-B6E3-48DC-985E-500988984E91}.Debug|Any CPU.Build.0 = Debug|Any CPU
		{03039BC1-B6E3-48DC-985E-500988984E91}.Release|Any CPU.ActiveCfg = Release|Any CPU
		{03039BC1-B6E3-48DC-985E-500988984E91}.Release|Any CPU.Build.0 = Release|Any CPU
		{DB93BEDE-065A-42AD-B6F4-D4DA38B1504C}.Debug|Any CPU.ActiveCfg = Debug|Any CPU
		{DB93BEDE-065A-42AD-B6F4-D4DA38B1504C}.Debug|Any CPU.Build.0 = Debug|Any CPU
		{DB93BEDE-065A-42AD-B6F4-D4DA38B1504C}.Release|Any CPU.ActiveCfg = Release|Any CPU
		{DB93BEDE-065A-42AD-B6F4-D4DA38B1504C}.Release|Any CPU.Build.0 = Release|Any CPU
		{396F0580-F297-4B82-A0AF-255C8ADE4BB6}.Debug|Any CPU.ActiveCfg = Debug|Any CPU
		{396F0580-F297-4B82-A0AF-255C8ADE4BB6}.Debug|Any CPU.Build.0 = Debug|Any CPU
		{396F0580-F297-4B82-A0AF-255C8ADE4BB6}.Release|Any CPU.ActiveCfg = Release|Any CPU
		{396F0580-F297-4B82-A0AF-255C8ADE4BB6}.Release|Any CPU.Build.0 = Release|Any CPU
	EndGlobalSection
	GlobalSection(SolutionProperties) = preSolution
		HideSolutionNode = FALSE
	EndGlobalSection
	GlobalSection(NestedProjects) = preSolution
		{5D6ADA7F-FDC1-404A-91F9-621D90124374} = {A134C914-5BF5-470E-B254-2695A6ADC0F2}
		{6EF4CFE6-3382-4791-8E19-3C60F9B0BF4B} = {A134C914-5BF5-470E-B254-2695A6ADC0F2}
		{5F700EFB-C62B-41B3-8995-D18D434F87D6} = {A134C914-5BF5-470E-B254-2695A6ADC0F2}
		{60D4F3C6-845E-43E9-9F61-3E0612DE3FDA} = {A134C914-5BF5-470E-B254-2695A6ADC0F2}
		{AEF3CC0A-DE4A-44B6-8CE2-409F1495E862} = {C33B3B81-5716-476D-95BE-72EE1854DB6E}
		{B51DDFC2-4A7D-4315-A734-CAD78077E446} = {C33B3B81-5716-476D-95BE-72EE1854DB6E}
		{03039BC1-B6E3-48DC-985E-500988984E91} = {C33B3B81-5716-476D-95BE-72EE1854DB6E}
		{DB93BEDE-065A-42AD-B6F4-D4DA38B1504C} = {C33B3B81-5716-476D-95BE-72EE1854DB6E}
		{396F0580-F297-4B82-A0AF-255C8ADE4BB6} = {C33B3B81-5716-476D-95BE-72EE1854DB6E}
		{AFE0BF2B-514D-47CA-8BC7-9EB7B2D5E21B} = {98FD1A8F-4B80-4F32-8215-E101910FE3B3}
	EndGlobalSection
EndGlobal
